
Microsoft Visual Studio Solution File, Format Version 12.00
# Visual Studio Version 17
Project("{8BC9CEB8-8B4A-11D0-8D11-00A0C91BC942}") = "ALL_BUILD", "ALL_BUILD.vcxproj", "{5717E032-30D2-311B-B9BC-8BE4E310021C}"
	ProjectSection(ProjectDependencies) = postProject
		{B2B9DBBE-62E1-3001-8128-538D40948D97} = {B2B9DBBE-62E1-3001-8128-538D40948D97}
		{F10E6856-45F7-36C1-BE83-3EC1C3080BE5} = {F10E6856-45F7-36C1-BE83-3EC1C3080BE5}
		{B9C30772-6601-3032-B87A-A246AFC0E856} = {B9C30772-6601-3032-B87A-A246AFC0E856}
		{089CD7F2-3778-31BC-A10E-FF5556013C48} = {089CD7F2-3778-31BC-A10E-FF5556013C48}
		{F5BF1DF6-1E25-3CEF-AAB6-73772934D68F} = {F5BF1DF6-1E25-3CEF-AAB6-73772934D68F}
	EndProjectSection
EndProject
Project("{8BC9CEB8-8B4A-11D0-8D11-00A0C91BC942}") = "ZERO_CHECK", "ZERO_CHECK.vcxproj", "{B2B9DBBE-62E1-3001-8128-538D40948D97}"
	ProjectSection(ProjectDependencies) = postProject
	EndProjectSection
EndProject
Project("{8BC9CEB8-8B4A-11D0-8D11-00A0C91BC942}") = "gtest", "gtest\gtest.vcxproj", "{F10E6856-45F7-36C1-BE83-3EC1C3080BE5}"
	ProjectSection(ProjectDependencies) = postProject
		{B2B9DBBE-62E1-3001-8128-538D40948D97} = {B2B9DBBE-62E1-3001-8128-538D40948D97}
	EndProjectSection
EndProject
Project("{8BC9CEB8-8B4A-11D0-8D11-00A0C91BC942}") = "sample_prime_numbers", "samples\sample_prime_numbers.vcxproj", "{B9C30772-6601-3032-B87A-A246AFC0E856}"
	ProjectSection(ProjectDependencies) = postProject
		{B2B9DBBE-62E1-3001-8128-538D40948D97} = {B2B9DBBE-62E1-3001-8128-538D40948D97}
		{089CD7F2-3778-31BC-A10E-FF5556013C48} = {089CD7F2-3778-31BC-A10E-FF5556013C48}
	EndProjectSection
EndProject
Project("{8BC9CEB8-8B4A-11D0-8D11-00A0C91BC942}") = "set", "src\set.vcxproj", "{089CD7F2-3778-31BC-A10E-FF5556013C48}"
	ProjectSection(ProjectDependencies) = postProject
		{B2B9DBBE-62E1-3001-8128-538D40948D97} = {B2B9DBBE-62E1-3001-8128-538D40948D97}
	EndProjectSection
EndProject
Project("{8BC9CEB8-8B4A-11D0-8D11-00A0C91BC942}") = "test_set", "test\test_set.vcxproj", "{F5BF1DF6-1E25-3CEF-AAB6-73772934D68F}"
	ProjectSection(ProjectDependencies) = postProject
		{B2B9DBBE-62E1-3001-8128-538D40948D97} = {B2B9DBBE-62E1-3001-8128-538D40948D97}
		{F10E6856-45F7-36C1-BE83-3EC1C3080BE5} = {F10E6856-45F7-36C1-BE83-3EC1C3080BE5}
		{089CD7F2-3778-31BC-A10E-FF5556013C48} = {089CD7F2-3778-31BC-A10E-FF5556013C48}
	EndProjectSection
EndProject
Global
	GlobalSection(SolutionConfigurationPlatforms) = preSolution
		Debug|x64 = Debug|x64
		Release|x64 = Release|x64
	EndGlobalSection
	GlobalSection(ProjectConfigurationPlatforms) = postSolution
		{5717E032-30D2-311B-B9BC-8BE4E310021C}.Debug|x64.ActiveCfg = Debug|x64
		{5717E032-30D2-311B-B9BC-8BE4E310021C}.Release|x64.ActiveCfg = Release|x64
		{B2B9DBBE-62E1-3001-8128-538D40948D97}.Debug|x64.ActiveCfg = Debug|x64
		{B2B9DBBE-62E1-3001-8128-538D40948D97}.Debug|x64.Build.0 = Debug|x64
		{B2B9DBBE-62E1-3001-8128-538D40948D97}.Release|x64.ActiveCfg = Release|x64
		{B2B9DBBE-62E1-3001-8128-538D40948D97}.Release|x64.Build.0 = Release|x64
		{F10E6856-45F7-36C1-BE83-3EC1C3080BE5}.Debug|x64.ActiveCfg = Debug|x64
		{F10E6856-45F7-36C1-BE83-3EC1C3080BE5}.Debug|x64.Build.0 = Debug|x64
		{F10E6856-45F7-36C1-BE83-3EC1C3080BE5}.Release|x64.ActiveCfg = Release|x64
		{F10E6856-45F7-36C1-BE83-3EC1C3080BE5}.Release|x64.Build.0 = Release|x64
		{B9C30772-6601-3032-B87A-A246AFC0E856}.Debug|x64.ActiveCfg = Debug|x64
		{B9C30772-6601-3032-B87A-A246AFC0E856}.Debug|x64.Build.0 = Debug|x64
		{B9C30772-6601-3032-B87A-A246AFC0E856}.Release|x64.ActiveCfg = Release|x64
		{B9C30772-6601-3032-B87A-A246AFC0E856}.Release|x64.Build.0 = Release|x64
		{089CD7F2-3778-31BC-A10E-FF5556013C48}.Debug|x64.ActiveCfg = Debug|x64
		{089CD7F2-3778-31BC-A10E-FF5556013C48}.Debug|x64.Build.0 = Debug|x64
		{089CD7F2-3778-31BC-A10E-FF5556013C48}.Release|x64.ActiveCfg = Release|x64
		{089CD7F2-3778-31BC-A10E-FF5556013C48}.Release|x64.Build.0 = Release|x64
		{F5BF1DF6-1E25-3CEF-AAB6-73772934D68F}.Debug|x64.ActiveCfg = Debug|x64
		{F5BF1DF6-1E25-3CEF-AAB6-73772934D68F}.Debug|x64.Build.0 = Debug|x64
		{F5BF1DF6-1E25-3CEF-AAB6-73772934D68F}.Release|x64.ActiveCfg = Release|x64
		{F5BF1DF6-1E25-3CEF-AAB6-73772934D68F}.Release|x64.Build.0 = Release|x64
	EndGlobalSection
	GlobalSection(ExtensibilityGlobals) = postSolution
		SolutionGuid = {1AE747E6-7C38-3512-A6F2-83BFAACEAD43}
	EndGlobalSection
	GlobalSection(ExtensibilityAddIns) = postSolution
	EndGlobalSection
EndGlobal
